
Microsoft Visual Studio Solution File, Format Version 12.00
# Visual Studio Version 17
VisualStudioVersion = 17.0.32002.185
MinimumVisualStudioVersion = 10.0.40219.1
Project("{FAE04EC0-301F-11D3-BF4B-00C04F79EFBC}") = "Lekse-05.01.2022", "Lekse-05.01.2022\Lekse-05.01.2022.csproj", "{D44FEC7D-06AA-4995-AA07-32DD4F9BE4EA}"
EndProject
Global
	GlobalSection(SolutionConfigurationPlatforms) = preSolution
		Debug|Any CPU = Debug|Any CPU
		Release|Any CPU = Release|Any CPU
	EndGlobalSection
	GlobalSection(ProjectConfigurationPlatforms) = postSolution
		{D44FEC7D-06AA-4995-AA07-32DD4F9BE4EA}.Debug|Any CPU.ActiveCfg = Debug|Any CPU
		{D44FEC7D-06AA-4995-AA07-32DD4F9BE4EA}.Debug|Any CPU.Build.0 = Debug|Any CPU
		{D44FEC7D-06AA-4995-AA07-32DD4F9BE4EA}.Release|Any CPU.ActiveCfg = Release|Any CPU
		{D44FEC7D-06AA-4995-AA07-32DD4F9BE4EA}.Release|Any CPU.Build.0 = Release|Any CPU
	EndGlobalSection
	GlobalSection(SolutionProperties) = preSolution
		HideSolutionNode = FALSE
	EndGlobalSection
	GlobalSection(ExtensibilityGlobals) = postSolution
		SolutionGuid = {A469137C-5866-4CCB-8D96-3CD3FBB88C3B}
	EndGlobalSection
EndGlobal
